
Microsoft Visual Studio Solution File, Format Version 12.00
# Visual Studio 15
VisualStudioVersion = 15.0.28010.2019
MinimumVisualStudioVersion = 10.0.40219.1
Project("{2150E333-8FDC-42A3-9474-1A3956D46DE8}") = "Solution Items", "Solution Items", "{437A454D-8050-4792-B4FE-417D056C5311}"
	ProjectSection(SolutionItems) = preProject
		.gitattributes = .gitattributes
		.gitignore = .gitignore
	EndProjectSection
EndProject
Project("{FAE04EC0-301F-11D3-BF4B-00C04F79EFBC}") = "Web", "src\Web\Web.csproj", "{84543710-678B-49F2-AEFD-CEE7CA22E69B}"
EndProject
Project("{FAE04EC0-301F-11D3-BF4B-00C04F79EFBC}") = "Web.UnitTests", "test\Web.UnitTests\Web.UnitTests.csproj", "{C7D32043-1086-4B70-B2EC-AD098210E141}"
EndProject
Global
	GlobalSection(SolutionConfigurationPlatforms) = preSolution
		Debug|Any CPU = Debug|Any CPU
		Release|Any CPU = Release|Any CPU
	EndGlobalSection
	GlobalSection(ProjectConfigurationPlatforms) = postSolution
		{84543710-678B-49F2-AEFD-CEE7CA22E69B}.Debug|Any CPU.ActiveCfg = Debug|Any CPU
		{84543710-678B-49F2-AEFD-CEE7CA22E69B}.Debug|Any CPU.Build.0 = Debug|Any CPU
		{84543710-678B-49F2-AEFD-CEE7CA22E69B}.Release|Any CPU.ActiveCfg = Release|Any CPU
		{84543710-678B-49F2-AEFD-CEE7CA22E69B}.Release|Any CPU.Build.0 = Release|Any CPU
		{C7D32043-1086-4B70-B2EC-AD098210E141}.Debug|Any CPU.ActiveCfg = Debug|Any CPU
		{C7D32043-1086-4B70-B2EC-AD098210E141}.Debug|Any CPU.Build.0 = Debug|Any CPU
		{C7D32043-1086-4B70-B2EC-AD098210E141}.Release|Any CPU.ActiveCfg = Release|Any CPU
		{C7D32043-1086-4B70-B2EC-AD098210E141}.Release|Any CPU.Build.0 = Release|Any CPU
	EndGlobalSection
	GlobalSection(SolutionProperties) = preSolution
		HideSolutionNode = FALSE
	EndGlobalSection
	GlobalSection(ExtensibilityGlobals) = postSolution
		SolutionGuid = {25DCB18E-DBEA-4409-80A1-C51C65F9A6B9}
	EndGlobalSection
EndGlobal
